
Microsoft Visual Studio Solution File, Format Version 12.00
# Visual Studio Version 16
VisualStudioVersion = 16.0.31702.278
MinimumVisualStudioVersion = 10.0.40219.1
Project("{9A19103F-16F7-4668-BE54-9A1E7A4F7556}") = "SortedBagExample", "SortedBagExample\SortedBagExample.csproj", "{ABDE1B08-6205-448D-BCCD-7A84EFF97012}"
EndProject
Project("{9A19103F-16F7-4668-BE54-9A1E7A4F7556}") = "XUnitTestProject7", "XUnitTestProject7\XUnitTestProject7.csproj", "{AEF25B36-1511-4BF7-8715-3AE5995375AF}"
EndProject
Project("{2150E333-8FDC-42A3-9474-1A3956D46DE8}") = "Solution Items", "Solution Items", "{C3297EC2-077A-4CAD-8B9E-F0981DF8914B}"
	ProjectSection(SolutionItems) = preProject
		.travis.yml = .travis.yml
	EndProjectSection
EndProject
Global
	GlobalSection(SolutionConfigurationPlatforms) = preSolution
		Debug|Any CPU = Debug|Any CPU
		Release|Any CPU = Release|Any CPU
	EndGlobalSection
	GlobalSection(ProjectConfigurationPlatforms) = postSolution
		{ABDE1B08-6205-448D-BCCD-7A84EFF97012}.Debug|Any CPU.ActiveCfg = Debug|Any CPU
		{ABDE1B08-6205-448D-BCCD-7A84EFF97012}.Debug|Any CPU.Build.0 = Debug|Any CPU
		{ABDE1B08-6205-448D-BCCD-7A84EFF97012}.Release|Any CPU.ActiveCfg = Release|Any CPU
		{ABDE1B08-6205-448D-BCCD-7A84EFF97012}.Release|Any CPU.Build.0 = Release|Any CPU
		{AEF25B36-1511-4BF7-8715-3AE5995375AF}.Debug|Any CPU.ActiveCfg = Debug|Any CPU
		{AEF25B36-1511-4BF7-8715-3AE5995375AF}.Debug|Any CPU.Build.0 = Debug|Any CPU
		{AEF25B36-1511-4BF7-8715-3AE5995375AF}.Release|Any CPU.ActiveCfg = Release|Any CPU
		{AEF25B36-1511-4BF7-8715-3AE5995375AF}.Release|Any CPU.Build.0 = Release|Any CPU
	EndGlobalSection
	GlobalSection(SolutionProperties) = preSolution
		HideSolutionNode = FALSE
	EndGlobalSection
	GlobalSection(ExtensibilityGlobals) = postSolution
		SolutionGuid = {3142E88C-5E9B-4AA9-B773-90A34C8CFCC2}
	EndGlobalSection
EndGlobal
